
Microsoft Visual Studio Solution File, Format Version 12.00
# Visual Studio Version 17
VisualStudioVersion = 17.14.36414.22
MinimumVisualStudioVersion = 10.0.40219.1
Project("{FAE04EC0-301F-11D3-BF4B-00C04F79EFBC}") = "AssetManagement.Web", "AssetManagement.Web.csproj", "{75D6BCCC-FF11-47B7-BB97-063831A5DB95}"
EndProject
Project("{FAE04EC0-301F-11D3-BF4B-00C04F79EFBC}") = "AssetManagement.Domain", "..\AssetManagement.Domain\AssetManagement.Domain.csproj", "{C7966F66-38F8-4102-8709-28EBD388A844}"
EndProject
Project("{FAE04EC0-301F-11D3-BF4B-00C04F79EFBC}") = "AssetManagement.Contract", "..\AssetManagement.Contract\AssetManagement.Contract.csproj", "{1FF37999-B705-4C72-9E9A-C599F05598A1}"
EndProject
Project("{FAE04EC0-301F-11D3-BF4B-00C04F79EFBC}") = "AssetManagement.Application", "..\AssetManagement.Application\AssetManagement.Application.csproj", "{853A4A59-395E-45A0-A03B-9D4E0717E62B}"
EndProject
Project("{FAE04EC0-301F-11D3-BF4B-00C04F79EFBC}") = "AssetManagement.Infrastructure", "..\AssetManagement.Infrastructure\AssetManagement.Infrastructure.csproj", "{80F876CC-F809-453A-8885-EB799B86C5FF}"
EndProject
Project("{FAE04EC0-301F-11D3-BF4B-00C04F79EFBC}") = "AssetManagement.Shared", "..\AssetManagement.Shared\AssetManagement.Shared.csproj", "{899F5F19-48F8-44F1-A8F6-A716C6B26E2B}"
EndProject
Project("{FAE04EC0-301F-11D3-BF4B-00C04F79EFBC}") = "AssetManagement.FrontEnd", "..\AssetManagement.FrontEnd\AssetManagement.FrontEnd.csproj", "{1E5CC2C4-6210-4746-9F60-219B0900B634}"
EndProject
Global
	GlobalSection(SolutionConfigurationPlatforms) = preSolution
		Debug|Any CPU = Debug|Any CPU
		Release|Any CPU = Release|Any CPU
	EndGlobalSection
	GlobalSection(ProjectConfigurationPlatforms) = postSolution
		{75D6BCCC-FF11-47B7-BB97-063831A5DB95}.Debug|Any CPU.ActiveCfg = Debug|Any CPU
		{75D6BCCC-FF11-47B7-BB97-063831A5DB95}.Debug|Any CPU.Build.0 = Debug|Any CPU
		{75D6BCCC-FF11-47B7-BB97-063831A5DB95}.Release|Any CPU.ActiveCfg = Release|Any CPU
		{75D6BCCC-FF11-47B7-BB97-063831A5DB95}.Release|Any CPU.Build.0 = Release|Any CPU
		{C7966F66-38F8-4102-8709-28EBD388A844}.Debug|Any CPU.ActiveCfg = Debug|Any CPU
		{C7966F66-38F8-4102-8709-28EBD388A844}.Debug|Any CPU.Build.0 = Debug|Any CPU
		{C7966F66-38F8-4102-8709-28EBD388A844}.Release|Any CPU.ActiveCfg = Release|Any CPU
		{C7966F66-38F8-4102-8709-28EBD388A844}.Release|Any CPU.Build.0 = Release|Any CPU
		{1FF37999-B705-4C72-9E9A-C599F05598A1}.Debug|Any CPU.ActiveCfg = Debug|Any CPU
		{1FF37999-B705-4C72-9E9A-C599F05598A1}.Debug|Any CPU.Build.0 = Debug|Any CPU
		{1FF37999-B705-4C72-9E9A-C599F05598A1}.Release|Any CPU.ActiveCfg = Release|Any CPU
		{1FF37999-B705-4C72-9E9A-C599F05598A1}.Release|Any CPU.Build.0 = Release|Any CPU
		{853A4A59-395E-45A0-A03B-9D4E0717E62B}.Debug|Any CPU.ActiveCfg = Debug|Any CPU
		{853A4A59-395E-45A0-A03B-9D4E0717E62B}.Debug|Any CPU.Build.0 = Debug|Any CPU
		{853A4A59-395E-45A0-A03B-9D4E0717E62B}.Release|Any CPU.ActiveCfg = Release|Any CPU
		{853A4A59-395E-45A0-A03B-9D4E0717E62B}.Release|Any CPU.Build.0 = Release|Any CPU
		{80F876CC-F809-453A-8885-EB799B86C5FF}.Debug|Any CPU.ActiveCfg = Debug|Any CPU
		{80F876CC-F809-453A-8885-EB799B86C5FF}.Debug|Any CPU.Build.0 = Debug|Any CPU
		{80F876CC-F809-453A-8885-EB799B86C5FF}.Release|Any CPU.ActiveCfg = Release|Any CPU
		{80F876CC-F809-453A-8885-EB799B86C5FF}.Release|Any CPU.Build.0 = Release|Any CPU
		{899F5F19-48F8-44F1-A8F6-A716C6B26E2B}.Debug|Any CPU.ActiveCfg = Debug|Any CPU
		{899F5F19-48F8-44F1-A8F6-A716C6B26E2B}.Debug|Any CPU.Build.0 = Debug|Any CPU
		{899F5F19-48F8-44F1-A8F6-A716C6B26E2B}.Release|Any CPU.ActiveCfg = Release|Any CPU
		{899F5F19-48F8-44F1-A8F6-A716C6B26E2B}.Release|Any CPU.Build.0 = Release|Any CPU
		{1E5CC2C4-6210-4746-9F60-219B0900B634}.Debug|Any CPU.ActiveCfg = Debug|Any CPU
		{1E5CC2C4-6210-4746-9F60-219B0900B634}.Debug|Any CPU.Build.0 = Debug|Any CPU
		{1E5CC2C4-6210-4746-9F60-219B0900B634}.Release|Any CPU.ActiveCfg = Release|Any CPU
		{1E5CC2C4-6210-4746-9F60-219B0900B634}.Release|Any CPU.Build.0 = Release|Any CPU
	EndGlobalSection
	GlobalSection(SolutionProperties) = preSolution
		HideSolutionNode = FALSE
	EndGlobalSection
	GlobalSection(ExtensibilityGlobals) = postSolution
		SolutionGuid = {E5C1613B-62DC-494E-A645-E275818AB6D9}
	EndGlobalSection
EndGlobal
